
Microsoft Visual Studio Solution File, Format Version 12.00
# Visual Studio 2012
Project("{FAE04EC0-301F-11D3-BF4B-00C04F79EFBC}") = "CMySQL", "CMySQL\CMySQL.csproj", "{C5AF42AA-256E-41A3-8F0F-75762D5FF4A2}"
EndProject
Global
	GlobalSection(SolutionConfigurationPlatforms) = preSolution
		Debug|x86 = Debug|x86
		Release|x86 = Release|x86
	EndGlobalSection
	GlobalSection(ProjectConfigurationPlatforms) = postSolution
		{C5AF42AA-256E-41A3-8F0F-75762D5FF4A2}.Debug|x86.ActiveCfg = Debug|x86
		{C5AF42AA-256E-41A3-8F0F-75762D5FF4A2}.Debug|x86.Build.0 = Debug|x86
		{C5AF42AA-256E-41A3-8F0F-75762D5FF4A2}.Release|x86.ActiveCfg = Release|x86
		{C5AF42AA-256E-41A3-8F0F-75762D5FF4A2}.Release|x86.Build.0 = Release|x86
	EndGlobalSection
EndGlobal
